
Microsoft Visual Studio Solution File, Format Version 12.00
# Visual Studio 15
VisualStudioVersion = 15.0.27703.2035
MinimumVisualStudioVersion = 10.0.40219.1
Project("{FAE04EC0-301F-11D3-BF4B-00C04F79EFBC}") = "TEST_WF", "TEST_WF\TEST_WF.csproj", "{D4FB3586-AA35-44FE-8F6C-650E1835EC62}"
EndProject
Global
	GlobalSection(SolutionConfigurationPlatforms) = preSolution
		Debug|Any CPU = Debug|Any CPU
		Release|Any CPU = Release|Any CPU
	EndGlobalSection
	GlobalSection(ProjectConfigurationPlatforms) = postSolution
		{D4FB3586-AA35-44FE-8F6C-650E1835EC62}.Debug|Any CPU.ActiveCfg = Debug|Any CPU
		{D4FB3586-AA35-44FE-8F6C-650E1835EC62}.Debug|Any CPU.Build.0 = Debug|Any CPU
		{D4FB3586-AA35-44FE-8F6C-650E1835EC62}.Release|Any CPU.ActiveCfg = Release|Any CPU
		{D4FB3586-AA35-44FE-8F6C-650E1835EC62}.Release|Any CPU.Build.0 = Release|Any CPU
	EndGlobalSection
	GlobalSection(SolutionProperties) = preSolution
		HideSolutionNode = FALSE
	EndGlobalSection
	GlobalSection(ExtensibilityGlobals) = postSolution
		SolutionGuid = {148738A7-B2B1-466E-9310-18B757918F01}
	EndGlobalSection
EndGlobal
